{
  "name": "ide",
  "lockfileVersion": 3,
  "requires": true,
  "packages": {
    "": {
      "dependencies": {
        "puter": "^1.0.0"
      }
    },
    "node_modules/puter": {
      "version": "1.0.0",
      "resolved": "https://registry.npmjs.org/puter/-/puter-1.0.0.tgz",
      "integrity": "sha512-7rOZ4aiWdLwigE5ORI23KqwJjBieoxEdwC1fqQBK3Sj1s9QF6KbWu6stoFbHOccBkEY1r+TI6yrbC4Vk9FIlIg==",
      "license": "Apache-2.0"
    }
  }
}
